// !$*UTF8*$!
{
	archiveVersion = 1;
	classes = {
	};
	objectVersion = 56;
	objects = {

/* Begin PBXBuildFile section */
		6F5261112951986500AE7CE4 /* CardModel.swift in Sources */ = {isa = PBXBuildFile; fileRef = 6F5261102951986500AE7CE4 /* CardModel.swift */; };
		6F52611329519AF900AE7CE4 /* CardData.swift in Sources */ = {isa = PBXBuildFile; fileRef = 6F52611229519AF900AE7CE4 /* CardData.swift */; };
		6F5261152951B34F00AE7CE4 /* PlaySound.swift in Sources */ = {isa = PBXBuildFile; fileRef = 6F5261142951B34F00AE7CE4 /* PlaySound.swift */; };
		6FA38C822949AD87005F15F1 /* Learn_By_DoingApp.swift in Sources */ = {isa = PBXBuildFile; fileRef = 6FA38C812949AD87005F15F1 /* Learn_By_DoingApp.swift */; };
		6FA38C842949AD87005F15F1 /* ContentView.swift in Sources */ = {isa = PBXBuildFile; fileRef = 6FA38C832949AD87005F15F1 /* ContentView.swift */; };
		6FA38C862949AD88005F15F1 /* Assets.xcassets in Resources */ = {isa = PBXBuildFile; fileRef = 6FA38C852949AD88005F15F1 /* Assets.xcassets */; };
		6FA38C892949AD88005F15F1 /* Preview Assets.xcassets in Resources */ = {isa = PBXBuildFile; fileRef = 6FA38C882949AD88005F15F1 /* Preview Assets.xcassets */; };
		6FA38C91294A03B4005F15F1 /* sound-chime.mp3 in Resources */ = {isa = PBXBuildFile; fileRef = 6FA38C90294A03B4005F15F1 /* sound-chime.mp3 */; };
		6FA38C94294A03BD005F15F1 /* card-data.txt in Resources */ = {isa = PBXBuildFile; fileRef = 6FA38C93294A03BD005F15F1 /* card-data.txt */; };
		6FA38C96294A0446005F15F1 /* CardView.swift in Sources */ = {isa = PBXBuildFile; fileRef = 6FA38C95294A0446005F15F1 /* CardView.swift */; };
		6FFD2D012955CD860025FC83 /* Stickers.xcassets in Resources */ = {isa = PBXBuildFile; fileRef = 6FFD2D002955CD860025FC83 /* Stickers.xcassets */; };
		6FFD2D052955CD860025FC83 /* Learn By Doing Sticker.appex in Embed Foundation Extensions */ = {isa = PBXBuildFile; fileRef = 6FFD2CFE2955CD850025FC83 /* Learn By Doing Sticker.appex */; settings = {ATTRIBUTES = (RemoveHeadersOnCopy, ); }; };
/* End PBXBuildFile section */

/* Begin PBXContainerItemProxy section */
		6FFD2D032955CD860025FC83 /* PBXContainerItemProxy */ = {
			isa = PBXContainerItemProxy;
			containerPortal = 6FA38C762949AD87005F15F1 /* Project object */;
			proxyType = 1;
			remoteGlobalIDString = 6FFD2CFD2955CD850025FC83;
			remoteInfo = "Learn By Doing Sticker";
		};
/* End PBXContainerItemProxy section */

/* Begin PBXCopyFilesBuildPhase section */
		6FFD2D062955CD870025FC83 /* Embed Foundation Extensions */ = {
			isa = PBXCopyFilesBuildPhase;
			buildActionMask = 2147483647;
			dstPath = "";
			dstSubfolderSpec = 13;
			files = (
				6FFD2D052955CD860025FC83 /* Learn By Doing Sticker.appex in Embed Foundation Extensions */,
			);
			name = "Embed Foundation Extensions";
			runOnlyForDeploymentPostprocessing = 0;
		};
/* End PBXCopyFilesBuildPhase section */

/* Begin PBXFileReference section */
		6F5261102951986500AE7CE4 /* CardModel.swift */ = {isa = PBXFileReference; lastKnownFileType = sourcecode.swift; path = CardModel.swift; sourceTree = "<group>"; };
		6F52611229519AF900AE7CE4 /* CardData.swift */ = {isa = PBXFileReference; lastKnownFileType = sourcecode.swift; path = CardData.swift; sourceTree = "<group>"; };
		6F5261142951B34F00AE7CE4 /* PlaySound.swift */ = {isa = PBXFileReference; lastKnownFileType = sourcecode.swift; path = PlaySound.swift; sourceTree = "<group>"; };
		6FA38C7E2949AD87005F15F1 /* Learn By Doing.app */ = {isa = PBXFileReference; explicitFileType = wrapper.application; includeInIndex = 0; path = "Learn By Doing.app"; sourceTree = BUILT_PRODUCTS_DIR; };
		6FA38C812949AD87005F15F1 /* Learn_By_DoingApp.swift */ = {isa = PBXFileReference; lastKnownFileType = sourcecode.swift; path = Learn_By_DoingApp.swift; sourceTree = "<group>"; };
		6FA38C832949AD87005F15F1 /* ContentView.swift */ = {isa = PBXFileReference; lastKnownFileType = sourcecode.swift; path = ContentView.swift; sourceTree = "<group>"; };
		6FA38C852949AD88005F15F1 /* Assets.xcassets */ = {isa = PBXFileReference; lastKnownFileType = folder.assetcatalog; path = Assets.xcassets; sourceTree = "<group>"; };
		6FA38C882949AD88005F15F1 /* Preview Assets.xcassets */ = {isa = PBXFileReference; lastKnownFileType = folder.assetcatalog; path = "Preview Assets.xcassets"; sourceTree = "<group>"; };
		6FA38C90294A03B4005F15F1 /* sound-chime.mp3 */ = {isa = PBXFileReference; lastKnownFileType = audio.mp3; path = "sound-chime.mp3"; sourceTree = "<group>"; };
		6FA38C93294A03BD005F15F1 /* card-data.txt */ = {isa = PBXFileReference; fileEncoding = 4; lastKnownFileType = text; path = "card-data.txt"; sourceTree = "<group>"; };
		6FA38C95294A0446005F15F1 /* CardView.swift */ = {isa = PBXFileReference; lastKnownFileType = sourcecode.swift; path = CardView.swift; sourceTree = "<group>"; };
		6FFD2CFE2955CD850025FC83 /* Learn By Doing Sticker.appex */ = {isa = PBXFileReference; explicitFileType = "wrapper.app-extension"; includeInIndex = 0; path = "Learn By Doing Sticker.appex"; sourceTree = BUILT_PRODUCTS_DIR; };
		6FFD2D002955CD860025FC83 /* Stickers.xcassets */ = {isa = PBXFileReference; lastKnownFileType = folder.assetcatalog; path = Stickers.xcassets; sourceTree = "<group>"; };
		6FFD2D022955CD860025FC83 /* Info.plist */ = {isa = PBXFileReference; lastKnownFileType = text.plist.xml; path = Info.plist; sourceTree = "<group>"; };
/* End PBXFileReference section */

/* Begin PBXFrameworksBuildPhase section */
		6FA38C7B2949AD87005F15F1 /* Frameworks */ = {
			isa = PBXFrameworksBuildPhase;
			buildActionMask = 2147483647;
			files = (
			);
			runOnlyForDeploymentPostprocessing = 0;
		};
/* End PBXFrameworksBuildPhase section */

/* Begin PBXGroup section */
		6FA38C752949AD87005F15F1 = {
			isa = PBXGroup;
			children = (
				6FA38C802949AD87005F15F1 /* Learn By Doing */,
				6FFD2CFF2955CD850025FC83 /* Learn By Doing Sticker */,
				6FA38C7F2949AD87005F15F1 /* Products */,
			);
			sourceTree = "<group>";
		};
		6FA38C7F2949AD87005F15F1 /* Products */ = {
			isa = PBXGroup;
			children = (
				6FA38C7E2949AD87005F15F1 /* Learn By Doing.app */,
				6FFD2CFE2955CD850025FC83 /* Learn By Doing Sticker.appex */,
			);
			name = Products;
			sourceTree = "<group>";
		};
		6FA38C802949AD87005F15F1 /* Learn By Doing */ = {
			isa = PBXGroup;
			children = (
				6FA38C92294A03BD005F15F1 /* Data */,
				6FA38C8F294A03B4005F15F1 /* Sounds */,
				6FA38C812949AD87005F15F1 /* Learn_By_DoingApp.swift */,
				6FA38C832949AD87005F15F1 /* ContentView.swift */,
				6FA38C852949AD88005F15F1 /* Assets.xcassets */,
				6FA38C872949AD88005F15F1 /* Preview Content */,
				6FA38C95294A0446005F15F1 /* CardView.swift */,
				6F5261102951986500AE7CE4 /* CardModel.swift */,
				6F52611229519AF900AE7CE4 /* CardData.swift */,
				6F5261142951B34F00AE7CE4 /* PlaySound.swift */,
			);
			path = "Learn By Doing";
			sourceTree = "<group>";
		};
		6FA38C872949AD88005F15F1 /* Preview Content */ = {
			isa = PBXGroup;
			children = (
				6FA38C882949AD88005F15F1 /* Preview Assets.xcassets */,
			);
			path = "Preview Content";
			sourceTree = "<group>";
		};
		6FA38C8F294A03B4005F15F1 /* Sounds */ = {
			isa = PBXGroup;
			children = (
				6FA38C90294A03B4005F15F1 /* sound-chime.mp3 */,
			);
			path = Sounds;
			sourceTree = "<group>";
		};
		6FA38C92294A03BD005F15F1 /* Data */ = {
			isa = PBXGroup;
			children = (
				6FA38C93294A03BD005F15F1 /* card-data.txt */,
			);
			path = Data;
			sourceTree = "<group>";
		};
		6FFD2CFF2955CD850025FC83 /* Learn By Doing Sticker */ = {
			isa = PBXGroup;
			children = (
				6FFD2D002955CD860025FC83 /* Stickers.xcassets */,
				6FFD2D022955CD860025FC83 /* Info.plist */,
			);
			path = "Learn By Doing Sticker";
			sourceTree = "<group>";
		};
/* End PBXGroup section */

/* Begin PBXNativeTarget section */
		6FA38C7D2949AD87005F15F1 /* Learn By Doing */ = {
			isa = PBXNativeTarget;
			buildConfigurationList = 6FA38C8C2949AD88005F15F1 /* Build configuration list for PBXNativeTarget "Learn By Doing" */;
			buildPhases = (
				6FA38C7A2949AD87005F15F1 /* Sources */,
				6FA38C7B2949AD87005F15F1 /* Frameworks */,
				6FA38C7C2949AD87005F15F1 /* Resources */,
				6FFD2D062955CD870025FC83 /* Embed Foundation Extensions */,
			);
			buildRules = (
			);
			dependencies = (
				6FFD2D042955CD860025FC83 /* PBXTargetDependency */,
			);
			name = "Learn By Doing";
			productName = "Learn By Doing";
			productReference = 6FA38C7E2949AD87005F15F1 /* Learn By Doing.app */;
			productType = "com.apple.product-type.application";
		};
		6FFD2CFD2955CD850025FC83 /* Learn By Doing Sticker */ = {
			isa = PBXNativeTarget;
			buildConfigurationList = 6FFD2D092955CD870025FC83 /* Build configuration list for PBXNativeTarget "Learn By Doing Sticker" */;
			buildPhases = (
				6FFD2CFC2955CD850025FC83 /* Resources */,
			);
			buildRules = (
			);
			dependencies = (
			);
			name = "Learn By Doing Sticker";
			productName = "Learn By Doing Sticker";
			productReference = 6FFD2CFE2955CD850025FC83 /* Learn By Doing Sticker.appex */;
			productType = "com.apple.product-type.app-extension.messages-sticker-pack";
		};
/* End PBXNativeTarget section */

/* Begin PBXProject section */
		6FA38C762949AD87005F15F1 /* Project object */ = {
			isa = PBXProject;
			attributes = {
				BuildIndependentTargetsInParallel = 1;
				LastSwiftUpdateCheck = 1400;
				LastUpgradeCheck = 1400;
				TargetAttributes = {
					6FA38C7D2949AD87005F15F1 = {
						CreatedOnToolsVersion = 14.0.1;
					};
					6FFD2CFD2955CD850025FC83 = {
						CreatedOnToolsVersion = 14.0.1;
					};
				};
			};
			buildConfigurationList = 6FA38C792949AD87005F15F1 /* Build configuration list for PBXProject "Learn By Doing" */;
			compatibilityVersion = "Xcode 14.0";
			developmentRegion = en;
			hasScannedForEncodings = 0;
			knownRegions = (
				en,
				Base,
			);
			mainGroup = 6FA38C752949AD87005F15F1;
			productRefGroup = 6FA38C7F2949AD87005F15F1 /* Products */;
			projectDirPath = "";
			projectRoot = "";
			targets = (
				6FA38C7D2949AD87005F15F1 /* Learn By Doing */,
				6FFD2CFD2955CD850025FC83 /* Learn By Doing Sticker */,
			);
		};
/* End PBXProject section */

/* Begin PBXResourcesBuildPhase section */
		6FA38C7C2949AD87005F15F1 /* Resources */ = {
			isa = PBXResourcesBuildPhase;
			buildActionMask = 2147483647;
			files = (
				6FA38C94294A03BD005F15F1 /* card-data.txt in Resources */,
				6FA38C892949AD88005F15F1 /* Preview Assets.xcassets in Resources */,
				6FA38C91294A03B4005F15F1 /* sound-chime.mp3 in Resources */,
				6FA38C862949AD88005F15F1 /* Assets.xcassets in Resources */,
			);
			runOnlyForDeploymentPostprocessing = 0;
		};
		6FFD2CFC2955CD850025FC83 /* Resources */ = {
			isa = PBXResourcesBuildPhase;
			buildActionMask = 2147483647;
			files = (
				6FFD2D012955CD860025FC83 /* Stickers.xcassets in Resources */,
			);
			runOnlyForDeploymentPostprocessing = 0;
		};
/* End PBXResourcesBuildPhase section */

/* Begin PBXSourcesBuildPhase section */
		6FA38C7A2949AD87005F15F1 /* Sources */ = {
			isa = PBXSourcesBuildPhase;
			buildActionMask = 2147483647;
			files = (
				6F52611329519AF900AE7CE4 /* CardData.swift in Sources */,
				6F5261152951B34F00AE7CE4 /* PlaySound.swift in Sources */,
				6FA38C842949AD87005F15F1 /* ContentView.swift in Sources */,
				6F5261112951986500AE7CE4 /* CardModel.swift in Sources */,
				6FA38C96294A0446005F15F1 /* CardView.swift in Sources */,
				6FA38C822949AD87005F15F1 /* Learn_By_DoingApp.swift in Sources */,
			);
			runOnlyForDeploymentPostprocessing = 0;
		};
/* End PBXSourcesBuildPhase section */

/* Begin PBXTargetDependency section */
		6FFD2D042955CD860025FC83 /* PBXTargetDependency */ = {
			isa = PBXTargetDependency;
			target = 6FFD2CFD2955CD850025FC83 /* Learn By Doing Sticker */;
			targetProxy = 6FFD2D032955CD860025FC83 /* PBXContainerItemProxy */;
		};
/* End PBXTargetDependency section */

/* Begin XCBuildConfiguration section */
		6FA38C8A2949AD88005F15F1 /* Debug */ = {
			isa = XCBuildConfiguration;
			buildSettings = {
				ALWAYS_SEARCH_USER_PATHS = NO;
				CLANG_ANALYZER_NONNULL = YES;
				CLANG_ANALYZER_NUMBER_OBJECT_CONVERSION = YES_AGGRESSIVE;
				CLANG_CXX_LANGUAGE_STANDARD = "gnu++20";
				CLANG_ENABLE_MODULES = YES;
				CLANG_ENABLE_OBJC_ARC = YES;
				CLANG_ENABLE_OBJC_WEAK = YES;
				CLANG_WARN_BLOCK_CAPTURE_AUTORELEASING = YES;
				CLANG_WARN_BOOL_CONVERSION = YES;
				CLANG_WARN_COMMA = YES;
				CLANG_WARN_CONSTANT_CONVERSION = YES;
				CLANG_WARN_DEPRECATED_OBJC_IMPLEMENTATIONS = YES;
				CLANG_WARN_DIRECT_OBJC_ISA_USAGE = YES_ERROR;
				CLANG_WARN_DOCUMENTATION_COMMENTS = YES;
				CLANG_WARN_EMPTY_BODY = YES;
				CLANG_WARN_ENUM_CONVERSION = YES;
				CLANG_WARN_INFINITE_RECURSION = YES;
				CLANG_WARN_INT_CONVERSION = YES;
				CLANG_WARN_NON_LITERAL_NULL_CONVERSION = YES;
				CLANG_WARN_OBJC_IMPLICIT_RETAIN_SELF = YES;
				CLANG_WARN_OBJC_LITERAL_CONVERSION = YES;
				CLANG_WARN_OBJC_ROOT_CLASS = YES_ERROR;
				CLANG_WARN_QUOTED_INCLUDE_IN_FRAMEWORK_HEADER = YES;
				CLANG_WARN_RANGE_LOOP_ANALYSIS = YES;
				CLANG_WARN_STRICT_PROTOTYPES = YES;
				CLANG_WARN_SUSPICIOUS_MOVE = YES;
				CLANG_WARN_UNGUARDED_AVAILABILITY = YES_AGGRESSIVE;
				CLANG_WARN_UNREACHABLE_CODE = YES;
				CLANG_WARN__DUPLICATE_METHOD_MATCH = YES;
				COPY_PHASE_STRIP = NO;
				DEBUG_INFORMATION_FORMAT = dwarf;
				ENABLE_STRICT_OBJC_MSGSEND = YES;
				ENABLE_TESTABILITY = YES;
				GCC_C_LANGUAGE_STANDARD = gnu11;
				GCC_DYNAMIC_NO_PIC = NO;
				GCC_NO_COMMON_BLOCKS = YES;
				GCC_OPTIMIZATION_LEVEL = 0;
				GCC_PREPROCESSOR_DEFINITIONS = (
					"DEBUG=1",
					"$(inherited)",
				);
				GCC_WARN_64_TO_32_BIT_CONVERSION = YES;
				GCC_WARN_ABOUT_RETURN_TYPE = YES_ERROR;
				GCC_WARN_UNDECLARED_SELECTOR = YES;
				GCC_WARN_UNINITIALIZED_AUTOS = YES_AGGRESSIVE;
				GCC_WARN_UNUSED_FUNCTION = YES;
				GCC_WARN_UNUSED_VARIABLE = YES;
				IPHONEOS_DEPLOYMENT_TARGET = 16.0;
				MTL_ENABLE_DEBUG_INFO = INCLUDE_SOURCE;
				MTL_FAST_MATH = YES;
				ONLY_ACTIVE_ARCH = YES;
				SDKROOT = iphoneos;
				SWIFT_ACTIVE_COMPILATION_CONDITIONS = DEBUG;
				SWIFT_OPTIMIZATION_LEVEL = "-Onone";
			};
			name = Debug;
		};
		6FA38C8B2949AD88005F15F1 /* Release */ = {
			isa = XCBuildConfiguration;
			buildSettings = {
				ALWAYS_SEARCH_USER_PATHS = NO;
				CLANG_ANALYZER_NONNULL = YES;
				CLANG_ANALYZER_NUMBER_OBJECT_CONVERSION = YES_AGGRESSIVE;
				CLANG_CXX_LANGUAGE_STANDARD = "gnu++20";
				CLANG_ENABLE_MODULES = YES;
				CLANG_ENABLE_OBJC_ARC = YES;
				CLANG_ENABLE_OBJC_WEAK = YES;
				CLANG_WARN_BLOCK_CAPTURE_AUTORELEASING = YES;
				CLANG_WARN_BOOL_CONVERSION = YES;
				CLANG_WARN_COMMA = YES;
				CLANG_WARN_CONSTANT_CONVERSION = YES;
				CLANG_WARN_DEPRECATED_OBJC_IMPLEMENTATIONS = YES;
				CLANG_WARN_DIRECT_OBJC_ISA_USAGE = YES_ERROR;
				CLANG_WARN_DOCUMENTATION_COMMENTS = YES;
				CLANG_WARN_EMPTY_BODY = YES;
				CLANG_WARN_ENUM_CONVERSION = YES;
				CLANG_WARN_INFINITE_RECURSION = YES;
				CLANG_WARN_INT_CONVERSION = YES;
				CLANG_WARN_NON_LITERAL_NULL_CONVERSION = YES;
				CLANG_WARN_OBJC_IMPLICIT_RETAIN_SELF = YES;
				CLANG_WARN_OBJC_LITERAL_CONVERSION = YES;
				CLANG_WARN_OBJC_ROOT_CLASS = YES_ERROR;
				CLANG_WARN_QUOTED_INCLUDE_IN_FRAMEWORK_HEADER = YES;
				CLANG_WARN_RANGE_LOOP_ANALYSIS = YES;
				CLANG_WARN_STRICT_PROTOTYPES = YES;
				CLANG_WARN_SUSPICIOUS_MOVE = YES;
				CLANG_WARN_UNGUARDED_AVAILABILITY = YES_AGGRESSIVE;
				CLANG_WARN_UNREACHABLE_CODE = YES;
				CLANG_WARN__DUPLICATE_METHOD_MATCH = YES;
				COPY_PHASE_STRIP = NO;
				DEBUG_INFORMATION_FORMAT = "dwarf-with-dsym";
				ENABLE_NS_ASSERTIONS = NO;
				ENABLE_STRICT_OBJC_MSGSEND = YES;
				GCC_C_LANGUAGE_STANDARD = gnu11;
				GCC_NO_COMMON_BLOCKS = YES;
				GCC_WARN_64_TO_32_BIT_CONVERSION = YES;
				GCC_WARN_ABOUT_RETURN_TYPE = YES_ERROR;
				GCC_WARN_UNDECLARED_SELECTOR = YES;
				GCC_WARN_UNINITIALIZED_AUTOS = YES_AGGRESSIVE;
				GCC_WARN_UNUSED_FUNCTION = YES;
				GCC_WARN_UNUSED_VARIABLE = YES;
				IPHONEOS_DEPLOYMENT_TARGET = 16.0;
				MTL_ENABLE_DEBUG_INFO = NO;
				MTL_FAST_MATH = YES;
				SDKROOT = iphoneos;
				SWIFT_COMPILATION_MODE = wholemodule;
				SWIFT_OPTIMIZATION_LEVEL = "-O";
				VALIDATE_PRODUCT = YES;
			};
			name = Release;
		};
		6FA38C8D2949AD88005F15F1 /* Debug */ = {
			isa = XCBuildConfiguration;
			buildSettings = {
				ASSETCATALOG_COMPILER_APPICON_NAME = AppIcon;
				ASSETCATALOG_COMPILER_GLOBAL_ACCENT_COLOR_NAME = AccentColor;
				CODE_SIGN_STYLE = Automatic;
				CURRENT_PROJECT_VERSION = 1;
				DEVELOPMENT_ASSET_PATHS = "\"Learn By Doing/Preview Content\"";
				ENABLE_PREVIEWS = YES;
				GENERATE_INFOPLIST_FILE = YES;
				INFOPLIST_KEY_UIApplicationSceneManifest_Generation = YES;
				INFOPLIST_KEY_UIApplicationSupportsIndirectInputEvents = YES;
				INFOPLIST_KEY_UILaunchScreen_Generation = YES;
				INFOPLIST_KEY_UISupportedInterfaceOrientations_iPad = "UIInterfaceOrientationPortrait UIInterfaceOrientationPortraitUpsideDown UIInterfaceOrientationLandscapeLeft UIInterfaceOrientationLandscapeRight";
				INFOPLIST_KEY_UISupportedInterfaceOrientations_iPhone = "UIInterfaceOrientationPortrait UIInterfaceOrientationLandscapeLeft UIInterfaceOrientationLandscapeRight";
				LD_RUNPATH_SEARCH_PATHS = (
					"$(inherited)",
					"@executable_path/Frameworks",
				);
				MARKETING_VERSION = 1.0;
				PRODUCT_BUNDLE_IDENTIFIER = "com.lbd.Learn-By-Doing";
				PRODUCT_NAME = "$(TARGET_NAME)";
				SWIFT_EMIT_LOC_STRINGS = YES;
				SWIFT_VERSION = 5.0;
				TARGETED_DEVICE_FAMILY = "1,2";
			};
			name = Debug;
		};
		6FA38C8E2949AD88005F15F1 /* Release */ = {
			isa = XCBuildConfiguration;
			buildSettings = {
				ASSETCATALOG_COMPILER_APPICON_NAME = AppIcon;
				ASSETCATALOG_COMPILER_GLOBAL_ACCENT_COLOR_NAME = AccentColor;
				CODE_SIGN_STYLE = Automatic;
				CURRENT_PROJECT_VERSION = 1;
				DEVELOPMENT_ASSET_PATHS = "\"Learn By Doing/Preview Content\"";
				ENABLE_PREVIEWS = YES;
				GENERATE_INFOPLIST_FILE = YES;
				INFOPLIST_KEY_UIApplicationSceneManifest_Generation = YES;
				INFOPLIST_KEY_UIApplicationSupportsIndirectInputEvents = YES;
				INFOPLIST_KEY_UILaunchScreen_Generation = YES;
				INFOPLIST_KEY_UISupportedInterfaceOrientations_iPad = "UIInterfaceOrientationPortrait UIInterfaceOrientationPortraitUpsideDown UIInterfaceOrientationLandscapeLeft UIInterfaceOrientationLandscapeRight";
				INFOPLIST_KEY_UISupportedInterfaceOrientations_iPhone = "UIInterfaceOrientationPortrait UIInterfaceOrientationLandscapeLeft UIInterfaceOrientationLandscapeRight";
				LD_RUNPATH_SEARCH_PATHS = (
					"$(inherited)",
					"@executable_path/Frameworks",
				);
				MARKETING_VERSION = 1.0;
				PRODUCT_BUNDLE_IDENTIFIER = "com.lbd.Learn-By-Doing";
				PRODUCT_NAME = "$(TARGET_NAME)";
				SWIFT_EMIT_LOC_STRINGS = YES;
				SWIFT_VERSION = 5.0;
				TARGETED_DEVICE_FAMILY = "1,2";
			};
			name = Release;
		};
		6FFD2D072955CD870025FC83 /* Debug */ = {
			isa = XCBuildConfiguration;
			buildSettings = {
				ASSETCATALOG_COMPILER_APPICON_NAME = "iMessage App Icon";
				CODE_SIGN_STYLE = Automatic;
				CURRENT_PROJECT_VERSION = 1;
				GENERATE_INFOPLIST_FILE = YES;
				INFOPLIST_FILE = "Learn By Doing Sticker/Info.plist";
				MARKETING_VERSION = 1.0;
				PRODUCT_BUNDLE_IDENTIFIER = "com.lbd.Learn-By-Doing.Learn-By-Doing-Sticker";
				PRODUCT_NAME = "$(TARGET_NAME)";
				SKIP_INSTALL = YES;
				SWIFT_EMIT_LOC_STRINGS = YES;
				TARGETED_DEVICE_FAMILY = "1,2";
			};
			name = Debug;
		};
		6FFD2D082955CD870025FC83 /* Release */ = {
			isa = XCBuildConfiguration;
			buildSettings = {
				ASSETCATALOG_COMPILER_APPICON_NAME = "iMessage App Icon";
				CODE_SIGN_STYLE = Automatic;
				CURRENT_PROJECT_VERSION = 1;
				GENERATE_INFOPLIST_FILE = YES;
				INFOPLIST_FILE = "Learn By Doing Sticker/Info.plist";
				MARKETING_VERSION = 1.0;
				PRODUCT_BUNDLE_IDENTIFIER = "com.lbd.Learn-By-Doing.Learn-By-Doing-Sticker";
				PRODUCT_NAME = "$(TARGET_NAME)";
				SKIP_INSTALL = YES;
				SWIFT_EMIT_LOC_STRINGS = YES;
				TARGETED_DEVICE_FAMILY = "1,2";
			};
			name = Release;
		};
/* End XCBuildConfiguration section */

/* Begin XCConfigurationList section */
		6FA38C792949AD87005F15F1 /* Build configuration list for PBXProject "Learn By Doing" */ = {
			isa = XCConfigurationList;
			buildConfigurations = (
				6FA38C8A2949AD88005F15F1 /* Debug */,
				6FA38C8B2949AD88005F15F1 /* Release */,
			);
			defaultConfigurationIsVisible = 0;
			defaultConfigurationName = Release;
		};
		6FA38C8C2949AD88005F15F1 /* Build configuration list for PBXNativeTarget "Learn By Doing" */ = {
			isa = XCConfigurationList;
			buildConfigurations = (
				6FA38C8D2949AD88005F15F1 /* Debug */,
				6FA38C8E2949AD88005F15F1 /* Release */,
			);
			defaultConfigurationIsVisible = 0;
			defaultConfigurationName = Release;
		};
		6FFD2D092955CD870025FC83 /* Build configuration list for PBXNativeTarget "Learn By Doing Sticker" */ = {
			isa = XCConfigurationList;
			buildConfigurations = (
				6FFD2D072955CD870025FC83 /* Debug */,
				6FFD2D082955CD870025FC83 /* Release */,
			);
			defaultConfigurationIsVisible = 0;
			defaultConfigurationName = Release;
		};
/* End XCConfigurationList section */
	};
	rootObject = 6FA38C762949AD87005F15F1 /* Project object */;
}
